
Microsoft Visual Studio Solution File, Format Version 12.00
# Visual Studio 15
VisualStudioVersion = 15.0.26228.9
MinimumVisualStudioVersion = 10.0.40219.1
Project("{FAE04EC0-301F-11D3-BF4B-00C04F79EFBC}") = "WebApp-ALM-NoAuth", "WebApp-ALM-NoAuth\WebApp-ALM-NoAuth.csproj", "{D1B13845-F7EE-42E8-B5BF-66DDAE7B244C}"
EndProject
Project("{151D2E53-A2C4-4D7D-83FE-D05416EBD58E}") = "InfraAsCode", "InfraAsCode\InfraAsCode.deployproj", "{C8F1CCE8-4602-4E46-94F2-2587F932E349}"
EndProject
Project("{151D2E53-A2C4-4D7D-83FE-D05416EBD58E}") = "AppGW-with-Diagnostics", "AppGW-with-Diagnostics\AppGW-with-Diagnostics.deployproj", "{D42830AF-0088-4806-A45B-1C9F9DF6CA20}"
EndProject
Global
	GlobalSection(SolutionConfigurationPlatforms) = preSolution
		Debug|Any CPU = Debug|Any CPU
		Release|Any CPU = Release|Any CPU
	EndGlobalSection
	GlobalSection(ProjectConfigurationPlatforms) = postSolution
		{D1B13845-F7EE-42E8-B5BF-66DDAE7B244C}.Debug|Any CPU.ActiveCfg = Debug|Any CPU
		{D1B13845-F7EE-42E8-B5BF-66DDAE7B244C}.Debug|Any CPU.Build.0 = Debug|Any CPU
		{D1B13845-F7EE-42E8-B5BF-66DDAE7B244C}.Release|Any CPU.ActiveCfg = Release|Any CPU
		{D1B13845-F7EE-42E8-B5BF-66DDAE7B244C}.Release|Any CPU.Build.0 = Release|Any CPU
		{C8F1CCE8-4602-4E46-94F2-2587F932E349}.Debug|Any CPU.ActiveCfg = Debug|Any CPU
		{C8F1CCE8-4602-4E46-94F2-2587F932E349}.Debug|Any CPU.Build.0 = Debug|Any CPU
		{C8F1CCE8-4602-4E46-94F2-2587F932E349}.Release|Any CPU.ActiveCfg = Release|Any CPU
		{C8F1CCE8-4602-4E46-94F2-2587F932E349}.Release|Any CPU.Build.0 = Release|Any CPU
		{D42830AF-0088-4806-A45B-1C9F9DF6CA20}.Debug|Any CPU.ActiveCfg = Debug|Any CPU
		{D42830AF-0088-4806-A45B-1C9F9DF6CA20}.Debug|Any CPU.Build.0 = Debug|Any CPU
		{D42830AF-0088-4806-A45B-1C9F9DF6CA20}.Release|Any CPU.ActiveCfg = Release|Any CPU
		{D42830AF-0088-4806-A45B-1C9F9DF6CA20}.Release|Any CPU.Build.0 = Release|Any CPU
	EndGlobalSection
	GlobalSection(SolutionProperties) = preSolution
		HideSolutionNode = FALSE
	EndGlobalSection
EndGlobal
